
Microsoft Visual Studio Solution File, Format Version 12.00
# Visual Studio Version 17
VisualStudioVersion = 17.0.31903.59
MinimumVisualStudioVersion = 10.0.40219.1
Project("{FAE04EC0-301F-11D3-BF4B-00C04F79EFBC}") = "din-im-liau", "din-im-liau\din-im-liau.csproj", "{7B3F4E0A-17E3-4E6D-BA5F-81836A49E11E}"
EndProject
Project("{2150E333-8FDC-42A3-9474-1A3956D46DE8}") = "Libraries", "Libraries", "{F6A363CF-247B-445E-9568-981597E20F21}"
EndProject
Project("{FAE04EC0-301F-11D3-BF4B-00C04F79EFBC}") = "Models", "Libraries\Models\Models.csproj", "{35EAAC06-7460-46B3-92D3-1264F63BE547}"
EndProject
Project("{FAE04EC0-301F-11D3-BF4B-00C04F79EFBC}") = "Common", "Libraries\Common\Common.csproj", "{7B813445-640A-4CDC-A6E7-7C9417449E76}"
EndProject
Project("{FAE04EC0-301F-11D3-BF4B-00C04F79EFBC}") = "Services", "Libraries\Services\Services.csproj", "{CD7420D9-5B45-4B14-A254-4F3B00995E91}"
EndProject
Global
	GlobalSection(SolutionConfigurationPlatforms) = preSolution
		Debug|Any CPU = Debug|Any CPU
		Release|Any CPU = Release|Any CPU
	EndGlobalSection
	GlobalSection(SolutionProperties) = preSolution
		HideSolutionNode = FALSE
	EndGlobalSection
	GlobalSection(ProjectConfigurationPlatforms) = postSolution
		{7B3F4E0A-17E3-4E6D-BA5F-81836A49E11E}.Debug|Any CPU.ActiveCfg = Debug|Any CPU
		{7B3F4E0A-17E3-4E6D-BA5F-81836A49E11E}.Debug|Any CPU.Build.0 = Debug|Any CPU
		{7B3F4E0A-17E3-4E6D-BA5F-81836A49E11E}.Release|Any CPU.ActiveCfg = Release|Any CPU
		{7B3F4E0A-17E3-4E6D-BA5F-81836A49E11E}.Release|Any CPU.Build.0 = Release|Any CPU
		{22AFE98E-F1B6-4274-AE02-CFD4AD1E0444}.Debug|Any CPU.ActiveCfg = Debug|Any CPU
		{22AFE98E-F1B6-4274-AE02-CFD4AD1E0444}.Debug|Any CPU.Build.0 = Debug|Any CPU
		{22AFE98E-F1B6-4274-AE02-CFD4AD1E0444}.Release|Any CPU.ActiveCfg = Release|Any CPU
		{22AFE98E-F1B6-4274-AE02-CFD4AD1E0444}.Release|Any CPU.Build.0 = Release|Any CPU
		{8B4415D3-AAC2-48DC-B7C1-AFD11ED20208}.Debug|Any CPU.ActiveCfg = Debug|Any CPU
		{8B4415D3-AAC2-48DC-B7C1-AFD11ED20208}.Debug|Any CPU.Build.0 = Debug|Any CPU
		{8B4415D3-AAC2-48DC-B7C1-AFD11ED20208}.Release|Any CPU.ActiveCfg = Release|Any CPU
		{8B4415D3-AAC2-48DC-B7C1-AFD11ED20208}.Release|Any CPU.Build.0 = Release|Any CPU
		{35EAAC06-7460-46B3-92D3-1264F63BE547}.Debug|Any CPU.ActiveCfg = Debug|Any CPU
		{35EAAC06-7460-46B3-92D3-1264F63BE547}.Debug|Any CPU.Build.0 = Debug|Any CPU
		{35EAAC06-7460-46B3-92D3-1264F63BE547}.Release|Any CPU.ActiveCfg = Release|Any CPU
		{35EAAC06-7460-46B3-92D3-1264F63BE547}.Release|Any CPU.Build.0 = Release|Any CPU
		{7B813445-640A-4CDC-A6E7-7C9417449E76}.Debug|Any CPU.ActiveCfg = Debug|Any CPU
		{7B813445-640A-4CDC-A6E7-7C9417449E76}.Debug|Any CPU.Build.0 = Debug|Any CPU
		{7B813445-640A-4CDC-A6E7-7C9417449E76}.Release|Any CPU.ActiveCfg = Release|Any CPU
		{7B813445-640A-4CDC-A6E7-7C9417449E76}.Release|Any CPU.Build.0 = Release|Any CPU
		{CD7420D9-5B45-4B14-A254-4F3B00995E91}.Debug|Any CPU.ActiveCfg = Debug|Any CPU
		{CD7420D9-5B45-4B14-A254-4F3B00995E91}.Debug|Any CPU.Build.0 = Debug|Any CPU
		{CD7420D9-5B45-4B14-A254-4F3B00995E91}.Release|Any CPU.ActiveCfg = Release|Any CPU
		{CD7420D9-5B45-4B14-A254-4F3B00995E91}.Release|Any CPU.Build.0 = Release|Any CPU
	EndGlobalSection
	GlobalSection(NestedProjects) = preSolution
		{35EAAC06-7460-46B3-92D3-1264F63BE547} = {F6A363CF-247B-445E-9568-981597E20F21}
		{7B813445-640A-4CDC-A6E7-7C9417449E76} = {F6A363CF-247B-445E-9568-981597E20F21}
		{CD7420D9-5B45-4B14-A254-4F3B00995E91} = {F6A363CF-247B-445E-9568-981597E20F21}
	EndGlobalSection
EndGlobal
